
Microsoft Visual Studio Solution File, Format Version 12.00
# Visual Studio Version 17
VisualStudioVersion = 17.4.33110.190
MinimumVisualStudioVersion = 10.0.40219.1
Project("{FAE04EC0-301F-11D3-BF4B-00C04F79EFBC}") = "Task Day 3", "Task Day 3\Task Day 3.csproj", "{1DE13BEE-C9E2-435A-814E-85D52DAA24D6}"
EndProject
Global
	GlobalSection(SolutionConfigurationPlatforms) = preSolution
		Debug|Any CPU = Debug|Any CPU
		Release|Any CPU = Release|Any CPU
	EndGlobalSection
	GlobalSection(ProjectConfigurationPlatforms) = postSolution
		{1DE13BEE-C9E2-435A-814E-85D52DAA24D6}.Debug|Any CPU.ActiveCfg = Debug|Any CPU
		{1DE13BEE-C9E2-435A-814E-85D52DAA24D6}.Debug|Any CPU.Build.0 = Debug|Any CPU
		{1DE13BEE-C9E2-435A-814E-85D52DAA24D6}.Release|Any CPU.ActiveCfg = Release|Any CPU
		{1DE13BEE-C9E2-435A-814E-85D52DAA24D6}.Release|Any CPU.Build.0 = Release|Any CPU
	EndGlobalSection
	GlobalSection(SolutionProperties) = preSolution
		HideSolutionNode = FALSE
	EndGlobalSection
	GlobalSection(ExtensibilityGlobals) = postSolution
		SolutionGuid = {5918BC89-CE87-4194-8177-B988A3446329}
	EndGlobalSection
EndGlobal
